
Microsoft Visual Studio Solution File, Format Version 12.00
# Visual Studio Version 16
VisualStudioVersion = 16.0.29806.167
MinimumVisualStudioVersion = 10.0.40219.1
Project("{FAE04EC0-301F-11D3-BF4B-00C04F79EFBC}") = "InputMask.Bindings", "InputMask.Bindings\InputMask.Bindings.csproj", "{BFA318C4-3203-401D-B4A5-C07CA76495BE}"
EndProject
Project("{FAE04EC0-301F-11D3-BF4B-00C04F79EFBC}") = "InputMask.Sample", "InputMask.Sample\InputMask.Sample.csproj", "{DB266D2C-1781-4645-B59D-82EF14261A60}"
EndProject
Global
	GlobalSection(SolutionConfigurationPlatforms) = preSolution
		Debug|Any CPU = Debug|Any CPU
		Release|Any CPU = Release|Any CPU
	EndGlobalSection
	GlobalSection(ProjectConfigurationPlatforms) = postSolution
		{BFA318C4-3203-401D-B4A5-C07CA76495BE}.Debug|Any CPU.ActiveCfg = Debug|Any CPU
		{BFA318C4-3203-401D-B4A5-C07CA76495BE}.Debug|Any CPU.Build.0 = Debug|Any CPU
		{BFA318C4-3203-401D-B4A5-C07CA76495BE}.Release|Any CPU.ActiveCfg = Release|Any CPU
		{BFA318C4-3203-401D-B4A5-C07CA76495BE}.Release|Any CPU.Build.0 = Release|Any CPU
		{DB266D2C-1781-4645-B59D-82EF14261A60}.Debug|Any CPU.ActiveCfg = Debug|Any CPU
		{DB266D2C-1781-4645-B59D-82EF14261A60}.Debug|Any CPU.Build.0 = Debug|Any CPU
		{DB266D2C-1781-4645-B59D-82EF14261A60}.Debug|Any CPU.Deploy.0 = Debug|Any CPU
		{DB266D2C-1781-4645-B59D-82EF14261A60}.Release|Any CPU.ActiveCfg = Release|Any CPU
		{DB266D2C-1781-4645-B59D-82EF14261A60}.Release|Any CPU.Build.0 = Release|Any CPU
		{DB266D2C-1781-4645-B59D-82EF14261A60}.Release|Any CPU.Deploy.0 = Release|Any CPU
	EndGlobalSection
	GlobalSection(SolutionProperties) = preSolution
		HideSolutionNode = FALSE
	EndGlobalSection
	GlobalSection(ExtensibilityGlobals) = postSolution
		SolutionGuid = {C8860EAA-954F-4573-A7E0-6F48505F59DB}
	EndGlobalSection
EndGlobal
